
Microsoft Visual Studio Solution File, Format Version 12.00
# Visual Studio Version 17
VisualStudioVersion = 17.0.31903.59
MinimumVisualStudioVersion = 10.0.40219.1
Project("{2150E333-8FDC-42A3-9474-1A3956D46DE8}") = "src", "src", "{EB717888-5900-4CE3-8B8A-F9906004B255}"
EndProject
Project("{2150E333-8FDC-42A3-9474-1A3956D46DE8}") = "BuildingBlocks", "BuildingBlocks", "{29D303F2-9FA6-43F0-AC2B-9EC9AA009CD8}"
EndProject
Project("{FAE04EC0-301F-11D3-BF4B-00C04F79EFBC}") = "BuildingBlocks.Common", "src\BuildingBlocks\BuildingBlocks.Common\BuildingBlocks.Common.csproj", "{44B6D927-3E08-46AE-9B7B-9761B918A807}"
EndProject
Project("{FAE04EC0-301F-11D3-BF4B-00C04F79EFBC}") = "BuildingBlocks.Messaging", "src\BuildingBlocks\BuildingBlocks.Messaging\BuildingBlocks.Messaging.csproj", "{30E2D568-8320-41F5-B526-183C378FED46}"
EndProject
Project("{FAE04EC0-301F-11D3-BF4B-00C04F79EFBC}") = "BuildingBlocks.Observability", "src\BuildingBlocks\BuildingBlocks.Observability\BuildingBlocks.Observability.csproj", "{4924FEA8-0105-419B-B094-41CFED677A0F}"
EndProject
Project("{FAE04EC0-301F-11D3-BF4B-00C04F79EFBC}") = "BuildingBlocks.Security", "src\BuildingBlocks\BuildingBlocks.Security\BuildingBlocks.Security.csproj", "{409959AD-15C3-4552-B657-5A81246ED77E}"
EndProject
Project("{2150E333-8FDC-42A3-9474-1A3956D46DE8}") = "Services", "Services", "{1CA74B62-0C96-4B40-86D8-B22AAA2D89EB}"
EndProject
Project("{2150E333-8FDC-42A3-9474-1A3956D46DE8}") = "Identity", "Identity", "{4DC64433-3938-4C50-8117-BC1509DB5C1E}"
EndProject
Project("{FAE04EC0-301F-11D3-BF4B-00C04F79EFBC}") = "Identity.Api", "src\Services\Identity\Identity.Api\Identity.Api.csproj", "{A0A93058-959F-4D34-8825-86744D921779}"
EndProject
Project("{FAE04EC0-301F-11D3-BF4B-00C04F79EFBC}") = "Identity.Application", "src\Services\Identity\Identity.Application\Identity.Application.csproj", "{1A65D50B-DF9B-48A8-8D9A-F67C91232879}"
EndProject
Project("{FAE04EC0-301F-11D3-BF4B-00C04F79EFBC}") = "Identity.Domain", "src\Services\Identity\Identity.Domain\Identity.Domain.csproj", "{2B4EFC5D-2D17-415D-B4D0-E85AC16B0509}"
EndProject
Project("{FAE04EC0-301F-11D3-BF4B-00C04F79EFBC}") = "Identity.Infrastructure", "src\Services\Identity\Identity.Infrastructure\Identity.Infrastructure.csproj", "{37B2561A-5E3D-474D-A94B-D032654744FB}"
EndProject
Project("{FAE04EC0-301F-11D3-BF4B-00C04F79EFBC}") = "Identity.Tests", "src\Services\Identity\Identity.Tests\Identity.Tests.csproj", "{35BEA2DA-B5EF-499E-8AC5-4DE4DB503DC7}"
EndProject
Project("{2150E333-8FDC-42A3-9474-1A3956D46DE8}") = "Wallet", "Wallet", "{370BA128-D7E1-45D3-9157-109330DB7E42}"
EndProject
Project("{FAE04EC0-301F-11D3-BF4B-00C04F79EFBC}") = "Wallet.Api", "src\Services\Wallet\Wallet.Api\Wallet.Api.csproj", "{63AD8165-C245-4A62-88C3-3D754AD5EE8C}"
EndProject
Project("{FAE04EC0-301F-11D3-BF4B-00C04F79EFBC}") = "Wallet.Application", "src\Services\Wallet\Wallet.Application\Wallet.Application.csproj", "{58771AAF-A37C-448E-905E-3A9B72D178DF}"
EndProject
Project("{FAE04EC0-301F-11D3-BF4B-00C04F79EFBC}") = "Wallet.Domain", "src\Services\Wallet\Wallet.Domain\Wallet.Domain.csproj", "{17EE3270-639A-46C3-80DD-F19371FFB2A3}"
EndProject
Project("{FAE04EC0-301F-11D3-BF4B-00C04F79EFBC}") = "Wallet.Infrastructure", "src\Services\Wallet\Wallet.Infrastructure\Wallet.Infrastructure.csproj", "{881B0743-4571-44D3-A035-4447AA1166AF}"
EndProject
Project("{FAE04EC0-301F-11D3-BF4B-00C04F79EFBC}") = "Wallet.Tests", "src\Services\Wallet\Wallet.Tests\Wallet.Tests.csproj", "{801B8AA0-2C1E-4869-8D8D-962B81B302F0}"
EndProject
Project("{2150E333-8FDC-42A3-9474-1A3956D46DE8}") = "Payment", "Payment", "{BD87285E-3244-499C-8A0B-351DF2F6E7D2}"
EndProject
Project("{FAE04EC0-301F-11D3-BF4B-00C04F79EFBC}") = "Payment.Api", "src\Services\Payment\Payment.Api\Payment.Api.csproj", "{BE54ACC8-981B-4B3B-9E07-191CA8960106}"
EndProject
Project("{FAE04EC0-301F-11D3-BF4B-00C04F79EFBC}") = "Payment.Application", "src\Services\Payment\Payment.Application\Payment.Application.csproj", "{DF461FF7-1A8E-4276-9338-5EF26714E5B9}"
EndProject
Project("{FAE04EC0-301F-11D3-BF4B-00C04F79EFBC}") = "Payment.Domain", "src\Services\Payment\Payment.Domain\Payment.Domain.csproj", "{44100449-58D8-492D-81AE-73AEA042C99C}"
EndProject
Project("{FAE04EC0-301F-11D3-BF4B-00C04F79EFBC}") = "Payment.Infrastructure", "src\Services\Payment\Payment.Infrastructure\Payment.Infrastructure.csproj", "{85282EF6-3F1F-455E-990F-F3E21E27649D}"
EndProject
Project("{FAE04EC0-301F-11D3-BF4B-00C04F79EFBC}") = "Payment.Tests", "src\Services\Payment\Payment.Tests\Payment.Tests.csproj", "{3D73F9AC-94DD-472C-9181-DB4EC687BD70}"
EndProject
Project("{2150E333-8FDC-42A3-9474-1A3956D46DE8}") = "Notification", "Notification", "{D73E92A9-BF4F-4A55-BDE5-330D94B70BC1}"
EndProject
Project("{FAE04EC0-301F-11D3-BF4B-00C04F79EFBC}") = "Notification.Api", "src\Services\Notification\Notification.Api\Notification.Api.csproj", "{48AC6E16-EFED-4586-B987-F04C4568B88A}"
EndProject
Project("{FAE04EC0-301F-11D3-BF4B-00C04F79EFBC}") = "Notification.Application", "src\Services\Notification\Notification.Application\Notification.Application.csproj", "{8A6E42AF-E0B3-4134-B4D3-B4499E5FDFE7}"
EndProject
Project("{FAE04EC0-301F-11D3-BF4B-00C04F79EFBC}") = "Notification.Domain", "src\Services\Notification\Notification.Domain\Notification.Domain.csproj", "{C86422A1-A023-44C1-B8D5-A4280BEDD4AE}"
EndProject
Project("{FAE04EC0-301F-11D3-BF4B-00C04F79EFBC}") = "Notification.Infrastructure", "src\Services\Notification\Notification.Infrastructure\Notification.Infrastructure.csproj", "{4303211D-23F6-4E81-8C97-436A1F9DA16F}"
EndProject
Project("{FAE04EC0-301F-11D3-BF4B-00C04F79EFBC}") = "Notification.Tests", "src\Services\Notification\Notification.Tests\Notification.Tests.csproj", "{274CCABB-1153-4EE1-A053-2F4C5FFF4F05}"
EndProject
Project("{2150E333-8FDC-42A3-9474-1A3956D46DE8}") = "Audit", "Audit", "{23BF1297-52F3-456E-BE19-1E29FC082E9A}"
EndProject
Project("{FAE04EC0-301F-11D3-BF4B-00C04F79EFBC}") = "Audit.Api", "src\Services\Audit\Audit.Api\Audit.Api.csproj", "{1DBDA558-1CDC-4AC1-820B-F33BE16CF30C}"
EndProject
Project("{FAE04EC0-301F-11D3-BF4B-00C04F79EFBC}") = "Audit.Application", "src\Services\Audit\Audit.Application\Audit.Application.csproj", "{E1A2E334-4CBD-446D-AAD2-7FFA91EA6086}"
EndProject
Project("{FAE04EC0-301F-11D3-BF4B-00C04F79EFBC}") = "Audit.Domain", "src\Services\Audit\Audit.Domain\Audit.Domain.csproj", "{AA3F83F6-517F-4DBF-A2F9-DA86082C1A2A}"
EndProject
Project("{FAE04EC0-301F-11D3-BF4B-00C04F79EFBC}") = "Audit.Infrastructure", "src\Services\Audit\Audit.Infrastructure\Audit.Infrastructure.csproj", "{449B02D9-82C3-424E-BA86-17657D75BFC4}"
EndProject
Project("{FAE04EC0-301F-11D3-BF4B-00C04F79EFBC}") = "Audit.Tests", "src\Services\Audit\Audit.Tests\Audit.Tests.csproj", "{0C1632E9-DB3E-42B2-8CCD-69F26ECA562A}"
EndProject
Project("{2150E333-8FDC-42A3-9474-1A3956D46DE8}") = "Gateway", "Gateway", "{BF528B90-495D-47EE-B324-0DE9A1886DB1}"
EndProject
Project("{FAE04EC0-301F-11D3-BF4B-00C04F79EFBC}") = "Gateway.Api", "src\Gateway\Gateway.Api\Gateway.Api.csproj", "{D37C5138-2E7A-4EA4-8BB5-9A898E69413B}"
EndProject
Project("{FAE04EC0-301F-11D3-BF4B-00C04F79EFBC}") = "BuildingBlocks.Common.Tests", "src\BuildingBlocks\BuildingBlocks.Common.Tests\BuildingBlocks.Common.Tests.csproj", "{5A7E2212-5541-4079-86F5-EE71199644BA}"
EndProject
Global
	GlobalSection(SolutionConfigurationPlatforms) = preSolution
		Debug|Any CPU = Debug|Any CPU
		Release|Any CPU = Release|Any CPU
	EndGlobalSection
	GlobalSection(SolutionProperties) = preSolution
		HideSolutionNode = FALSE
	EndGlobalSection
	GlobalSection(ProjectConfigurationPlatforms) = postSolution
		{44B6D927-3E08-46AE-9B7B-9761B918A807}.Debug|Any CPU.ActiveCfg = Debug|Any CPU
		{44B6D927-3E08-46AE-9B7B-9761B918A807}.Debug|Any CPU.Build.0 = Debug|Any CPU
		{44B6D927-3E08-46AE-9B7B-9761B918A807}.Release|Any CPU.ActiveCfg = Release|Any CPU
		{44B6D927-3E08-46AE-9B7B-9761B918A807}.Release|Any CPU.Build.0 = Release|Any CPU
		{30E2D568-8320-41F5-B526-183C378FED46}.Debug|Any CPU.ActiveCfg = Debug|Any CPU
		{30E2D568-8320-41F5-B526-183C378FED46}.Debug|Any CPU.Build.0 = Debug|Any CPU
		{30E2D568-8320-41F5-B526-183C378FED46}.Release|Any CPU.ActiveCfg = Release|Any CPU
		{30E2D568-8320-41F5-B526-183C378FED46}.Release|Any CPU.Build.0 = Release|Any CPU
		{4924FEA8-0105-419B-B094-41CFED677A0F}.Debug|Any CPU.ActiveCfg = Debug|Any CPU
		{4924FEA8-0105-419B-B094-41CFED677A0F}.Debug|Any CPU.Build.0 = Debug|Any CPU
		{4924FEA8-0105-419B-B094-41CFED677A0F}.Release|Any CPU.ActiveCfg = Release|Any CPU
		{4924FEA8-0105-419B-B094-41CFED677A0F}.Release|Any CPU.Build.0 = Release|Any CPU
		{409959AD-15C3-4552-B657-5A81246ED77E}.Debug|Any CPU.ActiveCfg = Debug|Any CPU
		{409959AD-15C3-4552-B657-5A81246ED77E}.Debug|Any CPU.Build.0 = Debug|Any CPU
		{409959AD-15C3-4552-B657-5A81246ED77E}.Release|Any CPU.ActiveCfg = Release|Any CPU
		{409959AD-15C3-4552-B657-5A81246ED77E}.Release|Any CPU.Build.0 = Release|Any CPU
		{A0A93058-959F-4D34-8825-86744D921779}.Debug|Any CPU.ActiveCfg = Debug|Any CPU
		{A0A93058-959F-4D34-8825-86744D921779}.Debug|Any CPU.Build.0 = Debug|Any CPU
		{A0A93058-959F-4D34-8825-86744D921779}.Release|Any CPU.ActiveCfg = Release|Any CPU
		{A0A93058-959F-4D34-8825-86744D921779}.Release|Any CPU.Build.0 = Release|Any CPU
		{1A65D50B-DF9B-48A8-8D9A-F67C91232879}.Debug|Any CPU.ActiveCfg = Debug|Any CPU
		{1A65D50B-DF9B-48A8-8D9A-F67C91232879}.Debug|Any CPU.Build.0 = Debug|Any CPU
		{1A65D50B-DF9B-48A8-8D9A-F67C91232879}.Release|Any CPU.ActiveCfg = Release|Any CPU
		{1A65D50B-DF9B-48A8-8D9A-F67C91232879}.Release|Any CPU.Build.0 = Release|Any CPU
		{2B4EFC5D-2D17-415D-B4D0-E85AC16B0509}.Debug|Any CPU.ActiveCfg = Debug|Any CPU
		{2B4EFC5D-2D17-415D-B4D0-E85AC16B0509}.Debug|Any CPU.Build.0 = Debug|Any CPU
		{2B4EFC5D-2D17-415D-B4D0-E85AC16B0509}.Release|Any CPU.ActiveCfg = Release|Any CPU
		{2B4EFC5D-2D17-415D-B4D0-E85AC16B0509}.Release|Any CPU.Build.0 = Release|Any CPU
		{37B2561A-5E3D-474D-A94B-D032654744FB}.Debug|Any CPU.ActiveCfg = Debug|Any CPU
		{37B2561A-5E3D-474D-A94B-D032654744FB}.Debug|Any CPU.Build.0 = Debug|Any CPU
		{37B2561A-5E3D-474D-A94B-D032654744FB}.Release|Any CPU.ActiveCfg = Release|Any CPU
		{37B2561A-5E3D-474D-A94B-D032654744FB}.Release|Any CPU.Build.0 = Release|Any CPU
		{35BEA2DA-B5EF-499E-8AC5-4DE4DB503DC7}.Debug|Any CPU.ActiveCfg = Debug|Any CPU
		{35BEA2DA-B5EF-499E-8AC5-4DE4DB503DC7}.Debug|Any CPU.Build.0 = Debug|Any CPU
		{35BEA2DA-B5EF-499E-8AC5-4DE4DB503DC7}.Release|Any CPU.ActiveCfg = Release|Any CPU
		{35BEA2DA-B5EF-499E-8AC5-4DE4DB503DC7}.Release|Any CPU.Build.0 = Release|Any CPU
		{63AD8165-C245-4A62-88C3-3D754AD5EE8C}.Debug|Any CPU.ActiveCfg = Debug|Any CPU
		{63AD8165-C245-4A62-88C3-3D754AD5EE8C}.Debug|Any CPU.Build.0 = Debug|Any CPU
		{63AD8165-C245-4A62-88C3-3D754AD5EE8C}.Release|Any CPU.ActiveCfg = Release|Any CPU
		{63AD8165-C245-4A62-88C3-3D754AD5EE8C}.Release|Any CPU.Build.0 = Release|Any CPU
		{58771AAF-A37C-448E-905E-3A9B72D178DF}.Debug|Any CPU.ActiveCfg = Debug|Any CPU
		{58771AAF-A37C-448E-905E-3A9B72D178DF}.Debug|Any CPU.Build.0 = Debug|Any CPU
		{58771AAF-A37C-448E-905E-3A9B72D178DF}.Release|Any CPU.ActiveCfg = Release|Any CPU
		{58771AAF-A37C-448E-905E-3A9B72D178DF}.Release|Any CPU.Build.0 = Release|Any CPU
		{17EE3270-639A-46C3-80DD-F19371FFB2A3}.Debug|Any CPU.ActiveCfg = Debug|Any CPU
		{17EE3270-639A-46C3-80DD-F19371FFB2A3}.Debug|Any CPU.Build.0 = Debug|Any CPU
		{17EE3270-639A-46C3-80DD-F19371FFB2A3}.Release|Any CPU.ActiveCfg = Release|Any CPU
		{17EE3270-639A-46C3-80DD-F19371FFB2A3}.Release|Any CPU.Build.0 = Release|Any CPU
		{881B0743-4571-44D3-A035-4447AA1166AF}.Debug|Any CPU.ActiveCfg = Debug|Any CPU
		{881B0743-4571-44D3-A035-4447AA1166AF}.Debug|Any CPU.Build.0 = Debug|Any CPU
		{881B0743-4571-44D3-A035-4447AA1166AF}.Release|Any CPU.ActiveCfg = Release|Any CPU
		{881B0743-4571-44D3-A035-4447AA1166AF}.Release|Any CPU.Build.0 = Release|Any CPU
		{801B8AA0-2C1E-4869-8D8D-962B81B302F0}.Debug|Any CPU.ActiveCfg = Debug|Any CPU
		{801B8AA0-2C1E-4869-8D8D-962B81B302F0}.Debug|Any CPU.Build.0 = Debug|Any CPU
		{801B8AA0-2C1E-4869-8D8D-962B81B302F0}.Release|Any CPU.ActiveCfg = Release|Any CPU
		{801B8AA0-2C1E-4869-8D8D-962B81B302F0}.Release|Any CPU.Build.0 = Release|Any CPU
		{BE54ACC8-981B-4B3B-9E07-191CA8960106}.Debug|Any CPU.ActiveCfg = Debug|Any CPU
		{BE54ACC8-981B-4B3B-9E07-191CA8960106}.Debug|Any CPU.Build.0 = Debug|Any CPU
		{BE54ACC8-981B-4B3B-9E07-191CA8960106}.Release|Any CPU.ActiveCfg = Release|Any CPU
		{BE54ACC8-981B-4B3B-9E07-191CA8960106}.Release|Any CPU.Build.0 = Release|Any CPU
		{DF461FF7-1A8E-4276-9338-5EF26714E5B9}.Debug|Any CPU.ActiveCfg = Debug|Any CPU
		{DF461FF7-1A8E-4276-9338-5EF26714E5B9}.Debug|Any CPU.Build.0 = Debug|Any CPU
		{DF461FF7-1A8E-4276-9338-5EF26714E5B9}.Release|Any CPU.ActiveCfg = Release|Any CPU
		{DF461FF7-1A8E-4276-9338-5EF26714E5B9}.Release|Any CPU.Build.0 = Release|Any CPU
		{44100449-58D8-492D-81AE-73AEA042C99C}.Debug|Any CPU.ActiveCfg = Debug|Any CPU
		{44100449-58D8-492D-81AE-73AEA042C99C}.Debug|Any CPU.Build.0 = Debug|Any CPU
		{44100449-58D8-492D-81AE-73AEA042C99C}.Release|Any CPU.ActiveCfg = Release|Any CPU
		{44100449-58D8-492D-81AE-73AEA042C99C}.Release|Any CPU.Build.0 = Release|Any CPU
		{85282EF6-3F1F-455E-990F-F3E21E27649D}.Debug|Any CPU.ActiveCfg = Debug|Any CPU
		{85282EF6-3F1F-455E-990F-F3E21E27649D}.Debug|Any CPU.Build.0 = Debug|Any CPU
		{85282EF6-3F1F-455E-990F-F3E21E27649D}.Release|Any CPU.ActiveCfg = Release|Any CPU
		{85282EF6-3F1F-455E-990F-F3E21E27649D}.Release|Any CPU.Build.0 = Release|Any CPU
		{3D73F9AC-94DD-472C-9181-DB4EC687BD70}.Debug|Any CPU.ActiveCfg = Debug|Any CPU
		{3D73F9AC-94DD-472C-9181-DB4EC687BD70}.Debug|Any CPU.Build.0 = Debug|Any CPU
		{3D73F9AC-94DD-472C-9181-DB4EC687BD70}.Release|Any CPU.ActiveCfg = Release|Any CPU
		{3D73F9AC-94DD-472C-9181-DB4EC687BD70}.Release|Any CPU.Build.0 = Release|Any CPU
		{48AC6E16-EFED-4586-B987-F04C4568B88A}.Debug|Any CPU.ActiveCfg = Debug|Any CPU
		{48AC6E16-EFED-4586-B987-F04C4568B88A}.Debug|Any CPU.Build.0 = Debug|Any CPU
		{48AC6E16-EFED-4586-B987-F04C4568B88A}.Release|Any CPU.ActiveCfg = Release|Any CPU
		{48AC6E16-EFED-4586-B987-F04C4568B88A}.Release|Any CPU.Build.0 = Release|Any CPU
		{8A6E42AF-E0B3-4134-B4D3-B4499E5FDFE7}.Debug|Any CPU.ActiveCfg = Debug|Any CPU
		{8A6E42AF-E0B3-4134-B4D3-B4499E5FDFE7}.Debug|Any CPU.Build.0 = Debug|Any CPU
		{8A6E42AF-E0B3-4134-B4D3-B4499E5FDFE7}.Release|Any CPU.ActiveCfg = Release|Any CPU
		{8A6E42AF-E0B3-4134-B4D3-B4499E5FDFE7}.Release|Any CPU.Build.0 = Release|Any CPU
		{C86422A1-A023-44C1-B8D5-A4280BEDD4AE}.Debug|Any CPU.ActiveCfg = Debug|Any CPU
		{C86422A1-A023-44C1-B8D5-A4280BEDD4AE}.Debug|Any CPU.Build.0 = Debug|Any CPU
		{C86422A1-A023-44C1-B8D5-A4280BEDD4AE}.Release|Any CPU.ActiveCfg = Release|Any CPU
		{C86422A1-A023-44C1-B8D5-A4280BEDD4AE}.Release|Any CPU.Build.0 = Release|Any CPU
		{4303211D-23F6-4E81-8C97-436A1F9DA16F}.Debug|Any CPU.ActiveCfg = Debug|Any CPU
		{4303211D-23F6-4E81-8C97-436A1F9DA16F}.Debug|Any CPU.Build.0 = Debug|Any CPU
		{4303211D-23F6-4E81-8C97-436A1F9DA16F}.Release|Any CPU.ActiveCfg = Release|Any CPU
		{4303211D-23F6-4E81-8C97-436A1F9DA16F}.Release|Any CPU.Build.0 = Release|Any CPU
		{274CCABB-1153-4EE1-A053-2F4C5FFF4F05}.Debug|Any CPU.ActiveCfg = Debug|Any CPU
		{274CCABB-1153-4EE1-A053-2F4C5FFF4F05}.Debug|Any CPU.Build.0 = Debug|Any CPU
		{274CCABB-1153-4EE1-A053-2F4C5FFF4F05}.Release|Any CPU.ActiveCfg = Release|Any CPU
		{274CCABB-1153-4EE1-A053-2F4C5FFF4F05}.Release|Any CPU.Build.0 = Release|Any CPU
		{1DBDA558-1CDC-4AC1-820B-F33BE16CF30C}.Debug|Any CPU.ActiveCfg = Debug|Any CPU
		{1DBDA558-1CDC-4AC1-820B-F33BE16CF30C}.Debug|Any CPU.Build.0 = Debug|Any CPU
		{1DBDA558-1CDC-4AC1-820B-F33BE16CF30C}.Release|Any CPU.ActiveCfg = Release|Any CPU
		{1DBDA558-1CDC-4AC1-820B-F33BE16CF30C}.Release|Any CPU.Build.0 = Release|Any CPU
		{E1A2E334-4CBD-446D-AAD2-7FFA91EA6086}.Debug|Any CPU.ActiveCfg = Debug|Any CPU
		{E1A2E334-4CBD-446D-AAD2-7FFA91EA6086}.Debug|Any CPU.Build.0 = Debug|Any CPU
		{E1A2E334-4CBD-446D-AAD2-7FFA91EA6086}.Release|Any CPU.ActiveCfg = Release|Any CPU
		{E1A2E334-4CBD-446D-AAD2-7FFA91EA6086}.Release|Any CPU.Build.0 = Release|Any CPU
		{AA3F83F6-517F-4DBF-A2F9-DA86082C1A2A}.Debug|Any CPU.ActiveCfg = Debug|Any CPU
		{AA3F83F6-517F-4DBF-A2F9-DA86082C1A2A}.Debug|Any CPU.Build.0 = Debug|Any CPU
		{AA3F83F6-517F-4DBF-A2F9-DA86082C1A2A}.Release|Any CPU.ActiveCfg = Release|Any CPU
		{AA3F83F6-517F-4DBF-A2F9-DA86082C1A2A}.Release|Any CPU.Build.0 = Release|Any CPU
		{449B02D9-82C3-424E-BA86-17657D75BFC4}.Debug|Any CPU.ActiveCfg = Debug|Any CPU
		{449B02D9-82C3-424E-BA86-17657D75BFC4}.Debug|Any CPU.Build.0 = Debug|Any CPU
		{449B02D9-82C3-424E-BA86-17657D75BFC4}.Release|Any CPU.ActiveCfg = Release|Any CPU
		{449B02D9-82C3-424E-BA86-17657D75BFC4}.Release|Any CPU.Build.0 = Release|Any CPU
		{0C1632E9-DB3E-42B2-8CCD-69F26ECA562A}.Debug|Any CPU.ActiveCfg = Debug|Any CPU
		{0C1632E9-DB3E-42B2-8CCD-69F26ECA562A}.Debug|Any CPU.Build.0 = Debug|Any CPU
		{0C1632E9-DB3E-42B2-8CCD-69F26ECA562A}.Release|Any CPU.ActiveCfg = Release|Any CPU
		{0C1632E9-DB3E-42B2-8CCD-69F26ECA562A}.Release|Any CPU.Build.0 = Release|Any CPU
		{D37C5138-2E7A-4EA4-8BB5-9A898E69413B}.Debug|Any CPU.ActiveCfg = Debug|Any CPU
		{D37C5138-2E7A-4EA4-8BB5-9A898E69413B}.Debug|Any CPU.Build.0 = Debug|Any CPU
		{D37C5138-2E7A-4EA4-8BB5-9A898E69413B}.Release|Any CPU.ActiveCfg = Release|Any CPU
		{D37C5138-2E7A-4EA4-8BB5-9A898E69413B}.Release|Any CPU.Build.0 = Release|Any CPU
		{5A7E2212-5541-4079-86F5-EE71199644BA}.Debug|Any CPU.ActiveCfg = Debug|Any CPU
		{5A7E2212-5541-4079-86F5-EE71199644BA}.Debug|Any CPU.Build.0 = Debug|Any CPU
		{5A7E2212-5541-4079-86F5-EE71199644BA}.Release|Any CPU.ActiveCfg = Release|Any CPU
		{5A7E2212-5541-4079-86F5-EE71199644BA}.Release|Any CPU.Build.0 = Release|Any CPU
	EndGlobalSection
	GlobalSection(NestedProjects) = preSolution
		{29D303F2-9FA6-43F0-AC2B-9EC9AA009CD8} = {EB717888-5900-4CE3-8B8A-F9906004B255}
		{44B6D927-3E08-46AE-9B7B-9761B918A807} = {29D303F2-9FA6-43F0-AC2B-9EC9AA009CD8}
		{30E2D568-8320-41F5-B526-183C378FED46} = {29D303F2-9FA6-43F0-AC2B-9EC9AA009CD8}
		{4924FEA8-0105-419B-B094-41CFED677A0F} = {29D303F2-9FA6-43F0-AC2B-9EC9AA009CD8}
		{409959AD-15C3-4552-B657-5A81246ED77E} = {29D303F2-9FA6-43F0-AC2B-9EC9AA009CD8}
		{1CA74B62-0C96-4B40-86D8-B22AAA2D89EB} = {EB717888-5900-4CE3-8B8A-F9906004B255}
		{4DC64433-3938-4C50-8117-BC1509DB5C1E} = {1CA74B62-0C96-4B40-86D8-B22AAA2D89EB}
		{A0A93058-959F-4D34-8825-86744D921779} = {4DC64433-3938-4C50-8117-BC1509DB5C1E}
		{1A65D50B-DF9B-48A8-8D9A-F67C91232879} = {4DC64433-3938-4C50-8117-BC1509DB5C1E}
		{2B4EFC5D-2D17-415D-B4D0-E85AC16B0509} = {4DC64433-3938-4C50-8117-BC1509DB5C1E}
		{37B2561A-5E3D-474D-A94B-D032654744FB} = {4DC64433-3938-4C50-8117-BC1509DB5C1E}
		{35BEA2DA-B5EF-499E-8AC5-4DE4DB503DC7} = {4DC64433-3938-4C50-8117-BC1509DB5C1E}
		{370BA128-D7E1-45D3-9157-109330DB7E42} = {1CA74B62-0C96-4B40-86D8-B22AAA2D89EB}
		{63AD8165-C245-4A62-88C3-3D754AD5EE8C} = {370BA128-D7E1-45D3-9157-109330DB7E42}
		{58771AAF-A37C-448E-905E-3A9B72D178DF} = {370BA128-D7E1-45D3-9157-109330DB7E42}
		{17EE3270-639A-46C3-80DD-F19371FFB2A3} = {370BA128-D7E1-45D3-9157-109330DB7E42}
		{881B0743-4571-44D3-A035-4447AA1166AF} = {370BA128-D7E1-45D3-9157-109330DB7E42}
		{801B8AA0-2C1E-4869-8D8D-962B81B302F0} = {370BA128-D7E1-45D3-9157-109330DB7E42}
		{BD87285E-3244-499C-8A0B-351DF2F6E7D2} = {1CA74B62-0C96-4B40-86D8-B22AAA2D89EB}
		{BE54ACC8-981B-4B3B-9E07-191CA8960106} = {BD87285E-3244-499C-8A0B-351DF2F6E7D2}
		{DF461FF7-1A8E-4276-9338-5EF26714E5B9} = {BD87285E-3244-499C-8A0B-351DF2F6E7D2}
		{44100449-58D8-492D-81AE-73AEA042C99C} = {BD87285E-3244-499C-8A0B-351DF2F6E7D2}
		{85282EF6-3F1F-455E-990F-F3E21E27649D} = {BD87285E-3244-499C-8A0B-351DF2F6E7D2}
		{3D73F9AC-94DD-472C-9181-DB4EC687BD70} = {BD87285E-3244-499C-8A0B-351DF2F6E7D2}
		{D73E92A9-BF4F-4A55-BDE5-330D94B70BC1} = {1CA74B62-0C96-4B40-86D8-B22AAA2D89EB}
		{48AC6E16-EFED-4586-B987-F04C4568B88A} = {D73E92A9-BF4F-4A55-BDE5-330D94B70BC1}
		{8A6E42AF-E0B3-4134-B4D3-B4499E5FDFE7} = {D73E92A9-BF4F-4A55-BDE5-330D94B70BC1}
		{C86422A1-A023-44C1-B8D5-A4280BEDD4AE} = {D73E92A9-BF4F-4A55-BDE5-330D94B70BC1}
		{4303211D-23F6-4E81-8C97-436A1F9DA16F} = {D73E92A9-BF4F-4A55-BDE5-330D94B70BC1}
		{274CCABB-1153-4EE1-A053-2F4C5FFF4F05} = {D73E92A9-BF4F-4A55-BDE5-330D94B70BC1}
		{23BF1297-52F3-456E-BE19-1E29FC082E9A} = {1CA74B62-0C96-4B40-86D8-B22AAA2D89EB}
		{1DBDA558-1CDC-4AC1-820B-F33BE16CF30C} = {23BF1297-52F3-456E-BE19-1E29FC082E9A}
		{E1A2E334-4CBD-446D-AAD2-7FFA91EA6086} = {23BF1297-52F3-456E-BE19-1E29FC082E9A}
		{AA3F83F6-517F-4DBF-A2F9-DA86082C1A2A} = {23BF1297-52F3-456E-BE19-1E29FC082E9A}
		{449B02D9-82C3-424E-BA86-17657D75BFC4} = {23BF1297-52F3-456E-BE19-1E29FC082E9A}
		{0C1632E9-DB3E-42B2-8CCD-69F26ECA562A} = {23BF1297-52F3-456E-BE19-1E29FC082E9A}
		{BF528B90-495D-47EE-B324-0DE9A1886DB1} = {EB717888-5900-4CE3-8B8A-F9906004B255}
		{D37C5138-2E7A-4EA4-8BB5-9A898E69413B} = {BF528B90-495D-47EE-B324-0DE9A1886DB1}
		{5A7E2212-5541-4079-86F5-EE71199644BA} = {29D303F2-9FA6-43F0-AC2B-9EC9AA009CD8}
	EndGlobalSection
EndGlobal
